
Microsoft Visual Studio Solution File, Format Version 12.00
# Visual Studio Version 17
VisualStudioVersion = 17.7.34031.279
MinimumVisualStudioVersion = 10.0.40219.1
Project("{FAE04EC0-301F-11D3-BF4B-00C04F79EFBC}") = "DavidAbarca_Prog2_Final", "DavidAbarca_Prog2_Final.csproj", "{D89ACC31-3509-495F-8BF3-0EB626BDB104}"
EndProject
Global
	GlobalSection(SolutionConfigurationPlatforms) = preSolution
		Debug|Any CPU = Debug|Any CPU
		Release|Any CPU = Release|Any CPU
	EndGlobalSection
	GlobalSection(ProjectConfigurationPlatforms) = postSolution
		{D89ACC31-3509-495F-8BF3-0EB626BDB104}.Debug|Any CPU.ActiveCfg = Debug|Any CPU
		{D89ACC31-3509-495F-8BF3-0EB626BDB104}.Debug|Any CPU.Build.0 = Debug|Any CPU
		{D89ACC31-3509-495F-8BF3-0EB626BDB104}.Release|Any CPU.ActiveCfg = Release|Any CPU
		{D89ACC31-3509-495F-8BF3-0EB626BDB104}.Release|Any CPU.Build.0 = Release|Any CPU
	EndGlobalSection
	GlobalSection(SolutionProperties) = preSolution
		HideSolutionNode = FALSE
	EndGlobalSection
	GlobalSection(ExtensibilityGlobals) = postSolution
		SolutionGuid = {65262213-4E13-410F-A019-8D588B61BACA}
	EndGlobalSection
EndGlobal
